
Microsoft Visual Studio Solution File, Format Version 12.00
# Visual Studio 15
VisualStudioVersion = 15.0.28307.168
MinimumVisualStudioVersion = 10.0.40219.1
Project("{2150E333-8FDC-42A3-9474-1A3956D46DE8}") = "Data", "Data", "{61675125-0A00-400E-A6B3-8D730D105003}"
EndProject
Project("{9A19103F-16F7-4668-BE54-9A1E7A4F7556}") = "Paragraph.Data", "Paragraph.Data\Paragraph.Data.csproj", "{E2E0960A-AF84-463A-A6FA-A06109ABE565}"
EndProject
Project("{9A19103F-16F7-4668-BE54-9A1E7A4F7556}") = "Paragraph.Data.Models", "Paragraph.Data.Models\Paragraph.Data.Models.csproj", "{07C18CE0-3035-48C4-AA9F-E6FB9FF76EB7}"
EndProject
Project("{2150E333-8FDC-42A3-9474-1A3956D46DE8}") = "Web", "Web", "{FF74AB2B-172F-4078-B844-F0E0C04CCD91}"
EndProject
Project("{9A19103F-16F7-4668-BE54-9A1E7A4F7556}") = "Paragraph.Web", "Paragraph.Web\Paragraph.Web.csproj", "{76F2153E-4223-4471-9CD3-CBB76C28A45F}"
EndProject
Global
	GlobalSection(SolutionConfigurationPlatforms) = preSolution
		Debug|Any CPU = Debug|Any CPU
		Release|Any CPU = Release|Any CPU
	EndGlobalSection
	GlobalSection(ProjectConfigurationPlatforms) = postSolution
		{E2E0960A-AF84-463A-A6FA-A06109ABE565}.Debug|Any CPU.ActiveCfg = Debug|Any CPU
		{E2E0960A-AF84-463A-A6FA-A06109ABE565}.Debug|Any CPU.Build.0 = Debug|Any CPU
		{E2E0960A-AF84-463A-A6FA-A06109ABE565}.Release|Any CPU.ActiveCfg = Release|Any CPU
		{E2E0960A-AF84-463A-A6FA-A06109ABE565}.Release|Any CPU.Build.0 = Release|Any CPU
		{07C18CE0-3035-48C4-AA9F-E6FB9FF76EB7}.Debug|Any CPU.ActiveCfg = Debug|Any CPU
		{07C18CE0-3035-48C4-AA9F-E6FB9FF76EB7}.Debug|Any CPU.Build.0 = Debug|Any CPU
		{07C18CE0-3035-48C4-AA9F-E6FB9FF76EB7}.Release|Any CPU.ActiveCfg = Release|Any CPU
		{07C18CE0-3035-48C4-AA9F-E6FB9FF76EB7}.Release|Any CPU.Build.0 = Release|Any CPU
		{76F2153E-4223-4471-9CD3-CBB76C28A45F}.Debug|Any CPU.ActiveCfg = Debug|Any CPU
		{76F2153E-4223-4471-9CD3-CBB76C28A45F}.Debug|Any CPU.Build.0 = Debug|Any CPU
		{76F2153E-4223-4471-9CD3-CBB76C28A45F}.Release|Any CPU.ActiveCfg = Release|Any CPU
		{76F2153E-4223-4471-9CD3-CBB76C28A45F}.Release|Any CPU.Build.0 = Release|Any CPU
	EndGlobalSection
	GlobalSection(SolutionProperties) = preSolution
		HideSolutionNode = FALSE
	EndGlobalSection
	GlobalSection(NestedProjects) = preSolution
		{E2E0960A-AF84-463A-A6FA-A06109ABE565} = {61675125-0A00-400E-A6B3-8D730D105003}
		{07C18CE0-3035-48C4-AA9F-E6FB9FF76EB7} = {61675125-0A00-400E-A6B3-8D730D105003}
		{76F2153E-4223-4471-9CD3-CBB76C28A45F} = {FF74AB2B-172F-4078-B844-F0E0C04CCD91}
	EndGlobalSection
	GlobalSection(ExtensibilityGlobals) = postSolution
		SolutionGuid = {9A9D0A83-998B-4A10-AA35-EE9875CDB7EA}
	EndGlobalSection
EndGlobal
